
Microsoft Visual Studio Solution File, Format Version 12.00
# 
Project("{2150E333-8FDC-42A3-9474-1A3956D46DE8}") = "Modules", "Modules", "{E38B65F2-B7B9-432D-A11F-826B6A244CCC}"
EndProject
Project("{FAE04EC0-301F-11D3-BF4B-00C04F79EFBC}") = "WebServer", "Modules\WebServer\WebServer.csproj", "{159813C0-DB55-4E60-83B7-F2914B7C0ECE}"
EndProject
Project("{FAE04EC0-301F-11D3-BF4B-00C04F79EFBC}") = "CoreIdentity", "Modules\CoreIdentity\CoreIdentity.csproj", "{5BB4FD53-DDD1-48F2-A515-DC770B63FBBF}"
EndProject
Global
	GlobalSection(SolutionConfigurationPlatforms) = preSolution
		Debug|Any CPU = Debug|Any CPU
		Release|Any CPU = Release|Any CPU
	EndGlobalSection
	GlobalSection(ProjectConfigurationPlatforms) = postSolution
		{159813C0-DB55-4E60-83B7-F2914B7C0ECE}.Debug|Any CPU.ActiveCfg = Debug|Any CPU
		{159813C0-DB55-4E60-83B7-F2914B7C0ECE}.Debug|Any CPU.Build.0 = Debug|Any CPU
		{159813C0-DB55-4E60-83B7-F2914B7C0ECE}.Release|Any CPU.ActiveCfg = Release|Any CPU
		{159813C0-DB55-4E60-83B7-F2914B7C0ECE}.Release|Any CPU.Build.0 = Release|Any CPU
		{5BB4FD53-DDD1-48F2-A515-DC770B63FBBF}.Debug|Any CPU.ActiveCfg = Debug|Any CPU
		{5BB4FD53-DDD1-48F2-A515-DC770B63FBBF}.Debug|Any CPU.Build.0 = Debug|Any CPU
		{5BB4FD53-DDD1-48F2-A515-DC770B63FBBF}.Release|Any CPU.ActiveCfg = Release|Any CPU
		{5BB4FD53-DDD1-48F2-A515-DC770B63FBBF}.Release|Any CPU.Build.0 = Release|Any CPU
	EndGlobalSection
	GlobalSection(NestedProjects) = preSolution
		{159813C0-DB55-4E60-83B7-F2914B7C0ECE} = {E38B65F2-B7B9-432D-A11F-826B6A244CCC}
		{5BB4FD53-DDD1-48F2-A515-DC770B63FBBF} = {E38B65F2-B7B9-432D-A11F-826B6A244CCC}
	EndGlobalSection
EndGlobal
